
Microsoft Visual Studio Solution File, Format Version 12.00
# Visual Studio 15
VisualStudioVersion = 15.0.27004.2008
MinimumVisualStudioVersion = 10.0.40219.1
Project("{FAE04EC0-301F-11D3-BF4B-00C04F79EFBC}") = "FriendOrganizer.UI", "FriendOrganizer.UI\FriendOrganizer.UI.csproj", "{EB871448-9DCA-4901-A44B-CB682B76B465}"
EndProject
Project("{FAE04EC0-301F-11D3-BF4B-00C04F79EFBC}") = "FriendOrganizer.DataAccess", "FriendOrganizer.DataAccess\FriendOrganizer.DataAccess.csproj", "{AAAB6CE5-314D-4DC5-AA78-86E98F017585}"
EndProject
Project("{FAE04EC0-301F-11D3-BF4B-00C04F79EFBC}") = "FriendOrganizer.Model", "FriendOrganizer.Model\FriendOrganizer.Model.csproj", "{DA49CC2D-0BB1-46B4-ABE5-473904596B09}"
EndProject
Project("{FAE04EC0-301F-11D3-BF4B-00C04F79EFBC}") = "APIXULib", "APIXULib\APIXULib.csproj", "{4951894A-7F30-40A8-B151-BDACFA570D25}"
EndProject
Global
	GlobalSection(SolutionConfigurationPlatforms) = preSolution
		Debug|Any CPU = Debug|Any CPU
		Release|Any CPU = Release|Any CPU
	EndGlobalSection
	GlobalSection(ProjectConfigurationPlatforms) = postSolution
		{EB871448-9DCA-4901-A44B-CB682B76B465}.Debug|Any CPU.ActiveCfg = Debug|Any CPU
		{EB871448-9DCA-4901-A44B-CB682B76B465}.Debug|Any CPU.Build.0 = Debug|Any CPU
		{EB871448-9DCA-4901-A44B-CB682B76B465}.Release|Any CPU.ActiveCfg = Release|Any CPU
		{EB871448-9DCA-4901-A44B-CB682B76B465}.Release|Any CPU.Build.0 = Release|Any CPU
		{AAAB6CE5-314D-4DC5-AA78-86E98F017585}.Debug|Any CPU.ActiveCfg = Debug|Any CPU
		{AAAB6CE5-314D-4DC5-AA78-86E98F017585}.Debug|Any CPU.Build.0 = Debug|Any CPU
		{AAAB6CE5-314D-4DC5-AA78-86E98F017585}.Release|Any CPU.ActiveCfg = Release|Any CPU
		{AAAB6CE5-314D-4DC5-AA78-86E98F017585}.Release|Any CPU.Build.0 = Release|Any CPU
		{DA49CC2D-0BB1-46B4-ABE5-473904596B09}.Debug|Any CPU.ActiveCfg = Debug|Any CPU
		{DA49CC2D-0BB1-46B4-ABE5-473904596B09}.Debug|Any CPU.Build.0 = Debug|Any CPU
		{DA49CC2D-0BB1-46B4-ABE5-473904596B09}.Release|Any CPU.ActiveCfg = Release|Any CPU
		{DA49CC2D-0BB1-46B4-ABE5-473904596B09}.Release|Any CPU.Build.0 = Release|Any CPU
		{4951894A-7F30-40A8-B151-BDACFA570D25}.Debug|Any CPU.ActiveCfg = Debug|Any CPU
		{4951894A-7F30-40A8-B151-BDACFA570D25}.Debug|Any CPU.Build.0 = Debug|Any CPU
		{4951894A-7F30-40A8-B151-BDACFA570D25}.Release|Any CPU.ActiveCfg = Release|Any CPU
		{4951894A-7F30-40A8-B151-BDACFA570D25}.Release|Any CPU.Build.0 = Release|Any CPU
	EndGlobalSection
	GlobalSection(SolutionProperties) = preSolution
		HideSolutionNode = FALSE
	EndGlobalSection
	GlobalSection(ExtensibilityGlobals) = postSolution
		SolutionGuid = {65D38C1D-1D77-4B41-B5B5-0099261B32A7}
	EndGlobalSection
EndGlobal
